
Microsoft Visual Studio Solution File, Format Version 12.00
# Visual Studio Version 17
VisualStudioVersion = 17.5.002.0
MinimumVisualStudioVersion = 10.0.40219.1
Project("{9A19103F-16F7-4668-BE54-9A1E7A4F7556}") = "YoutubeDownloaderApp", "YoutubeDownloaderApp.csproj", "{4672B0BE-AA09-4112-AC51-1A3D80B1F3E1}"
EndProject
Global
	GlobalSection(SolutionConfigurationPlatforms) = preSolution
		Debug|Any CPU = Debug|Any CPU
		Release|Any CPU = Release|Any CPU
	EndGlobalSection
	GlobalSection(ProjectConfigurationPlatforms) = postSolution
		{4672B0BE-AA09-4112-AC51-1A3D80B1F3E1}.Debug|Any CPU.ActiveCfg = Debug|Any CPU
		{4672B0BE-AA09-4112-AC51-1A3D80B1F3E1}.Debug|Any CPU.Build.0 = Debug|Any CPU
		{4672B0BE-AA09-4112-AC51-1A3D80B1F3E1}.Release|Any CPU.ActiveCfg = Release|Any CPU
		{4672B0BE-AA09-4112-AC51-1A3D80B1F3E1}.Release|Any CPU.Build.0 = Release|Any CPU
	EndGlobalSection
	GlobalSection(SolutionProperties) = preSolution
		HideSolutionNode = FALSE
	EndGlobalSection
	GlobalSection(ExtensibilityGlobals) = postSolution
		SolutionGuid = {E24337C7-1D0C-4413-8D53-EC3D1E211C8F}
	EndGlobalSection
EndGlobal
